// !$*UTF8*$!
{
	archiveVersion = 1;
	classes = {
	};
	objectVersion = 56;
	objects = {

/* Begin PBXBuildFile section */
		123008672A4A9B3C00A43ADF /* BigMojiApp.swift in Sources */ = {isa = PBXBuildFile; fileRef = 123008662A4A9B3C00A43ADF /* BigMojiApp.swift */; };
		123008692A4A9B3C00A43ADF /* DisplayTextView.swift in Sources */ = {isa = PBXBuildFile; fileRef = 123008682A4A9B3C00A43ADF /* DisplayTextView.swift */; };
		1230086B2A4A9B3D00A43ADF /* Assets.xcassets in Resources */ = {isa = PBXBuildFile; fileRef = 1230086A2A4A9B3D00A43ADF /* Assets.xcassets */; };
		1230086E2A4A9B3D00A43ADF /* Preview Assets.xcassets in Resources */ = {isa = PBXBuildFile; fileRef = 1230086D2A4A9B3D00A43ADF /* Preview Assets.xcassets */; };
		123008782A4A9B3D00A43ADF /* BigMojiTests.swift in Sources */ = {isa = PBXBuildFile; fileRef = 123008772A4A9B3D00A43ADF /* BigMojiTests.swift */; };
		123008822A4A9B3D00A43ADF /* BigMojiUITests.swift in Sources */ = {isa = PBXBuildFile; fileRef = 123008812A4A9B3D00A43ADF /* BigMojiUITests.swift */; };
		123008842A4A9B3D00A43ADF /* BigMojiUITestsLaunchTests.swift in Sources */ = {isa = PBXBuildFile; fileRef = 123008832A4A9B3D00A43ADF /* BigMojiUITestsLaunchTests.swift */; };
		123008922A4AA4F900A43ADF /* MainView.swift in Sources */ = {isa = PBXBuildFile; fileRef = 123008912A4AA4F900A43ADF /* MainView.swift */; };
		123008952A4AB5BB00A43ADF /* Color.swift in Sources */ = {isa = PBXBuildFile; fileRef = 123008942A4AB5BB00A43ADF /* Color.swift */; };
		123008972A4ABB3B00A43ADF /* AvailableNavigationStack.swift in Sources */ = {isa = PBXBuildFile; fileRef = 123008962A4ABB3B00A43ADF /* AvailableNavigationStack.swift */; };
		1230089A2A4ABFEF00A43ADF /* SelectColors.swift in Sources */ = {isa = PBXBuildFile; fileRef = 123008992A4ABFEF00A43ADF /* SelectColors.swift */; };
		2DAD490658AFA65E28A34D56 /* Pods_BigMojiTests.framework in Frameworks */ = {isa = PBXBuildFile; fileRef = 5D4CA334291CB20678DA8227 /* Pods_BigMojiTests.framework */; };
		3F5AAAAB35651F3838E6628D /* Pods_BigMoji.framework in Frameworks */ = {isa = PBXBuildFile; fileRef = 13832FCBB5647BD26EDF45B8 /* Pods_BigMoji.framework */; };
		874E7CFCAF60E414AE341E45 /* Pods_BigMoji_BigMojiUITests.framework in Frameworks */ = {isa = PBXBuildFile; fileRef = F4014C400154E436B5855ED1 /* Pods_BigMoji_BigMojiUITests.framework */; };
/* End PBXBuildFile section */

/* Begin PBXContainerItemProxy section */
		123008742A4A9B3D00A43ADF /* PBXContainerItemProxy */ = {
			isa = PBXContainerItemProxy;
			containerPortal = 1230085B2A4A9B3C00A43ADF /* Project object */;
			proxyType = 1;
			remoteGlobalIDString = 123008622A4A9B3C00A43ADF;
			remoteInfo = BigMoji;
		};
		1230087E2A4A9B3D00A43ADF /* PBXContainerItemProxy */ = {
			isa = PBXContainerItemProxy;
			containerPortal = 1230085B2A4A9B3C00A43ADF /* Project object */;
			proxyType = 1;
			remoteGlobalIDString = 123008622A4A9B3C00A43ADF;
			remoteInfo = BigMoji;
		};
/* End PBXContainerItemProxy section */

/* Begin PBXFileReference section */
		0DE26EECE4C2B944DD8738C1 /* Pods-BigMoji-BigMojiUITests.release.xcconfig */ = {isa = PBXFileReference; includeInIndex = 1; lastKnownFileType = text.xcconfig; name = "Pods-BigMoji-BigMojiUITests.release.xcconfig"; path = "Target Support Files/Pods-BigMoji-BigMojiUITests/Pods-BigMoji-BigMojiUITests.release.xcconfig"; sourceTree = "<group>"; };
		12021B066F19F6F49EA9D093 /* Pods-BigMoji.release.xcconfig */ = {isa = PBXFileReference; includeInIndex = 1; lastKnownFileType = text.xcconfig; name = "Pods-BigMoji.release.xcconfig"; path = "Target Support Files/Pods-BigMoji/Pods-BigMoji.release.xcconfig"; sourceTree = "<group>"; };
		123008632A4A9B3C00A43ADF /* BigMoji.app */ = {isa = PBXFileReference; explicitFileType = wrapper.application; includeInIndex = 0; path = BigMoji.app; sourceTree = BUILT_PRODUCTS_DIR; };
		123008662A4A9B3C00A43ADF /* BigMojiApp.swift */ = {isa = PBXFileReference; lastKnownFileType = sourcecode.swift; path = BigMojiApp.swift; sourceTree = "<group>"; };
		123008682A4A9B3C00A43ADF /* DisplayTextView.swift */ = {isa = PBXFileReference; lastKnownFileType = sourcecode.swift; path = DisplayTextView.swift; sourceTree = "<group>"; };
		1230086A2A4A9B3D00A43ADF /* Assets.xcassets */ = {isa = PBXFileReference; lastKnownFileType = folder.assetcatalog; path = Assets.xcassets; sourceTree = "<group>"; };
		1230086D2A4A9B3D00A43ADF /* Preview Assets.xcassets */ = {isa = PBXFileReference; lastKnownFileType = folder.assetcatalog; path = "Preview Assets.xcassets"; sourceTree = "<group>"; };
		123008732A4A9B3D00A43ADF /* BigMojiTests.xctest */ = {isa = PBXFileReference; explicitFileType = wrapper.cfbundle; includeInIndex = 0; path = BigMojiTests.xctest; sourceTree = BUILT_PRODUCTS_DIR; };
		123008772A4A9B3D00A43ADF /* BigMojiTests.swift */ = {isa = PBXFileReference; lastKnownFileType = sourcecode.swift; path = BigMojiTests.swift; sourceTree = "<group>"; };
		1230087D2A4A9B3D00A43ADF /* BigMojiUITests.xctest */ = {isa = PBXFileReference; explicitFileType = wrapper.cfbundle; includeInIndex = 0; path = BigMojiUITests.xctest; sourceTree = BUILT_PRODUCTS_DIR; };
		123008812A4A9B3D00A43ADF /* BigMojiUITests.swift */ = {isa = PBXFileReference; lastKnownFileType = sourcecode.swift; path = BigMojiUITests.swift; sourceTree = "<group>"; };
		123008832A4A9B3D00A43ADF /* BigMojiUITestsLaunchTests.swift */ = {isa = PBXFileReference; lastKnownFileType = sourcecode.swift; path = BigMojiUITestsLaunchTests.swift; sourceTree = "<group>"; };
		123008902A4A9F3100A43ADF /* Info.plist */ = {isa = PBXFileReference; lastKnownFileType = text.plist; path = Info.plist; sourceTree = "<group>"; };
		123008912A4AA4F900A43ADF /* MainView.swift */ = {isa = PBXFileReference; lastKnownFileType = sourcecode.swift; path = MainView.swift; sourceTree = "<group>"; };
		123008942A4AB5BB00A43ADF /* Color.swift */ = {isa = PBXFileReference; lastKnownFileType = sourcecode.swift; path = Color.swift; sourceTree = "<group>"; };
		123008962A4ABB3B00A43ADF /* AvailableNavigationStack.swift */ = {isa = PBXFileReference; lastKnownFileType = sourcecode.swift; path = AvailableNavigationStack.swift; sourceTree = "<group>"; };
		123008992A4ABFEF00A43ADF /* SelectColors.swift */ = {isa = PBXFileReference; lastKnownFileType = sourcecode.swift; path = SelectColors.swift; sourceTree = "<group>"; };
		13832FCBB5647BD26EDF45B8 /* Pods_BigMoji.framework */ = {isa = PBXFileReference; explicitFileType = wrapper.framework; includeInIndex = 0; path = Pods_BigMoji.framework; sourceTree = BUILT_PRODUCTS_DIR; };
		2CC72EB386455A74C62EE126 /* Pods-BigMoji-BigMojiUITests.debug.xcconfig */ = {isa = PBXFileReference; includeInIndex = 1; lastKnownFileType = text.xcconfig; name = "Pods-BigMoji-BigMojiUITests.debug.xcconfig"; path = "Target Support Files/Pods-BigMoji-BigMojiUITests/Pods-BigMoji-BigMojiUITests.debug.xcconfig"; sourceTree = "<group>"; };
		5D4CA334291CB20678DA8227 /* Pods_BigMojiTests.framework */ = {isa = PBXFileReference; explicitFileType = wrapper.framework; includeInIndex = 0; path = Pods_BigMojiTests.framework; sourceTree = BUILT_PRODUCTS_DIR; };
		8436EEF972825CC5BE3F4D91 /* Pods-BigMoji.debug.xcconfig */ = {isa = PBXFileReference; includeInIndex = 1; lastKnownFileType = text.xcconfig; name = "Pods-BigMoji.debug.xcconfig"; path = "Target Support Files/Pods-BigMoji/Pods-BigMoji.debug.xcconfig"; sourceTree = "<group>"; };
		B4ED43D767BF9D32ECA30580 /* Pods-BigMojiTests.release.xcconfig */ = {isa = PBXFileReference; includeInIndex = 1; lastKnownFileType = text.xcconfig; name = "Pods-BigMojiTests.release.xcconfig"; path = "Target Support Files/Pods-BigMojiTests/Pods-BigMojiTests.release.xcconfig"; sourceTree = "<group>"; };
		E4AFFFF9CBABBE1A65B7B7F2 /* Pods-BigMojiTests.debug.xcconfig */ = {isa = PBXFileReference; includeInIndex = 1; lastKnownFileType = text.xcconfig; name = "Pods-BigMojiTests.debug.xcconfig"; path = "Target Support Files/Pods-BigMojiTests/Pods-BigMojiTests.debug.xcconfig"; sourceTree = "<group>"; };
		F4014C400154E436B5855ED1 /* Pods_BigMoji_BigMojiUITests.framework */ = {isa = PBXFileReference; explicitFileType = wrapper.framework; includeInIndex = 0; path = Pods_BigMoji_BigMojiUITests.framework; sourceTree = BUILT_PRODUCTS_DIR; };
/* End PBXFileReference section */

/* Begin PBXFrameworksBuildPhase section */
		123008602A4A9B3C00A43ADF /* Frameworks */ = {
			isa = PBXFrameworksBuildPhase;
			buildActionMask = 2147483647;
			files = (
				3F5AAAAB35651F3838E6628D /* Pods_BigMoji.framework in Frameworks */,
			);
			runOnlyForDeploymentPostprocessing = 0;
		};
		123008702A4A9B3D00A43ADF /* Frameworks */ = {
			isa = PBXFrameworksBuildPhase;
			buildActionMask = 2147483647;
			files = (
				2DAD490658AFA65E28A34D56 /* Pods_BigMojiTests.framework in Frameworks */,
			);
			runOnlyForDeploymentPostprocessing = 0;
		};
		1230087A2A4A9B3D00A43ADF /* Frameworks */ = {
			isa = PBXFrameworksBuildPhase;
			buildActionMask = 2147483647;
			files = (
				874E7CFCAF60E414AE341E45 /* Pods_BigMoji_BigMojiUITests.framework in Frameworks */,
			);
			runOnlyForDeploymentPostprocessing = 0;
		};
/* End PBXFrameworksBuildPhase section */

/* Begin PBXGroup section */
		1230085A2A4A9B3C00A43ADF = {
			isa = PBXGroup;
			children = (
				123008652A4A9B3C00A43ADF /* BigMoji */,
				123008762A4A9B3D00A43ADF /* BigMojiTests */,
				123008802A4A9B3D00A43ADF /* BigMojiUITests */,
				123008642A4A9B3C00A43ADF /* Products */,
				3DD90BB8213749F03F808CEA /* Pods */,
				7AEAF4FD7AD919DA6EBB17D2 /* Frameworks */,
			);
			sourceTree = "<group>";
		};
		123008642A4A9B3C00A43ADF /* Products */ = {
			isa = PBXGroup;
			children = (
				123008632A4A9B3C00A43ADF /* BigMoji.app */,
				123008732A4A9B3D00A43ADF /* BigMojiTests.xctest */,
				1230087D2A4A9B3D00A43ADF /* BigMojiUITests.xctest */,
			);
			name = Products;
			sourceTree = "<group>";
		};
		123008652A4A9B3C00A43ADF /* BigMoji */ = {
			isa = PBXGroup;
			children = (
				123008902A4A9F3100A43ADF /* Info.plist */,
				123008662A4A9B3C00A43ADF /* BigMojiApp.swift */,
				123008682A4A9B3C00A43ADF /* DisplayTextView.swift */,
				123008912A4AA4F900A43ADF /* MainView.swift */,
				123008982A4ABF8900A43ADF /* Models */,
				123008932A4AB5A900A43ADF /* Extensions */,
				1230086A2A4A9B3D00A43ADF /* Assets.xcassets */,
				1230086C2A4A9B3D00A43ADF /* Preview Content */,
			);
			path = BigMoji;
			sourceTree = "<group>";
		};
		1230086C2A4A9B3D00A43ADF /* Preview Content */ = {
			isa = PBXGroup;
			children = (
				1230086D2A4A9B3D00A43ADF /* Preview Assets.xcassets */,
			);
			path = "Preview Content";
			sourceTree = "<group>";
		};
		123008762A4A9B3D00A43ADF /* BigMojiTests */ = {
			isa = PBXGroup;
			children = (
				123008772A4A9B3D00A43ADF /* BigMojiTests.swift */,
			);
			path = BigMojiTests;
			sourceTree = "<group>";
		};
		123008802A4A9B3D00A43ADF /* BigMojiUITests */ = {
			isa = PBXGroup;
			children = (
				123008812A4A9B3D00A43ADF /* BigMojiUITests.swift */,
				123008832A4A9B3D00A43ADF /* BigMojiUITestsLaunchTests.swift */,
			);
			path = BigMojiUITests;
			sourceTree = "<group>";
		};
		123008932A4AB5A900A43ADF /* Extensions */ = {
			isa = PBXGroup;
			children = (
				123008942A4AB5BB00A43ADF /* Color.swift */,
				123008962A4ABB3B00A43ADF /* AvailableNavigationStack.swift */,
			);
			path = Extensions;
			sourceTree = "<group>";
		};
		123008982A4ABF8900A43ADF /* Models */ = {
			isa = PBXGroup;
			children = (
				123008992A4ABFEF00A43ADF /* SelectColors.swift */,
			);
			path = Models;
			sourceTree = "<group>";
		};
		3DD90BB8213749F03F808CEA /* Pods */ = {
			isa = PBXGroup;
			children = (
				8436EEF972825CC5BE3F4D91 /* Pods-BigMoji.debug.xcconfig */,
				12021B066F19F6F49EA9D093 /* Pods-BigMoji.release.xcconfig */,
				2CC72EB386455A74C62EE126 /* Pods-BigMoji-BigMojiUITests.debug.xcconfig */,
				0DE26EECE4C2B944DD8738C1 /* Pods-BigMoji-BigMojiUITests.release.xcconfig */,
				E4AFFFF9CBABBE1A65B7B7F2 /* Pods-BigMojiTests.debug.xcconfig */,
				B4ED43D767BF9D32ECA30580 /* Pods-BigMojiTests.release.xcconfig */,
			);
			path = Pods;
			sourceTree = "<group>";
		};
		7AEAF4FD7AD919DA6EBB17D2 /* Frameworks */ = {
			isa = PBXGroup;
			children = (
				13832FCBB5647BD26EDF45B8 /* Pods_BigMoji.framework */,
				F4014C400154E436B5855ED1 /* Pods_BigMoji_BigMojiUITests.framework */,
				5D4CA334291CB20678DA8227 /* Pods_BigMojiTests.framework */,
			);
			name = Frameworks;
			sourceTree = "<group>";
		};
/* End PBXGroup section */

/* Begin PBXNativeTarget section */
		123008622A4A9B3C00A43ADF /* BigMoji */ = {
			isa = PBXNativeTarget;
			buildConfigurationList = 123008872A4A9B3D00A43ADF /* Build configuration list for PBXNativeTarget "BigMoji" */;
			buildPhases = (
				0CFD43A7D33D649EF0FFFF43 /* [CP] Check Pods Manifest.lock */,
				1230085F2A4A9B3C00A43ADF /* Sources */,
				123008602A4A9B3C00A43ADF /* Frameworks */,
				123008612A4A9B3C00A43ADF /* Resources */,
				12A6A843A8414087D4C8385D /* [CP] Embed Pods Frameworks */,
			);
			buildRules = (
			);
			dependencies = (
			);
			name = BigMoji;
			productName = BigMoji;
			productReference = 123008632A4A9B3C00A43ADF /* BigMoji.app */;
			productType = "com.apple.product-type.application";
		};
		123008722A4A9B3D00A43ADF /* BigMojiTests */ = {
			isa = PBXNativeTarget;
			buildConfigurationList = 1230088A2A4A9B3D00A43ADF /* Build configuration list for PBXNativeTarget "BigMojiTests" */;
			buildPhases = (
				EAD334E696B1312394BFDBBE /* [CP] Check Pods Manifest.lock */,
				1230086F2A4A9B3D00A43ADF /* Sources */,
				123008702A4A9B3D00A43ADF /* Frameworks */,
				123008712A4A9B3D00A43ADF /* Resources */,
				E56240CF19A2235545762914 /* [CP] Embed Pods Frameworks */,
			);
			buildRules = (
			);
			dependencies = (
				123008752A4A9B3D00A43ADF /* PBXTargetDependency */,
			);
			name = BigMojiTests;
			productName = BigMojiTests;
			productReference = 123008732A4A9B3D00A43ADF /* BigMojiTests.xctest */;
			productType = "com.apple.product-type.bundle.unit-test";
		};
		1230087C2A4A9B3D00A43ADF /* BigMojiUITests */ = {
			isa = PBXNativeTarget;
			buildConfigurationList = 1230088D2A4A9B3D00A43ADF /* Build configuration list for PBXNativeTarget "BigMojiUITests" */;
			buildPhases = (
				FC3F5E0D66238707686DA4D9 /* [CP] Check Pods Manifest.lock */,
				123008792A4A9B3D00A43ADF /* Sources */,
				1230087A2A4A9B3D00A43ADF /* Frameworks */,
				1230087B2A4A9B3D00A43ADF /* Resources */,
				3B60B85800C98C4B14D4AA54 /* [CP] Embed Pods Frameworks */,
			);
			buildRules = (
			);
			dependencies = (
				1230087F2A4A9B3D00A43ADF /* PBXTargetDependency */,
			);
			name = BigMojiUITests;
			productName = BigMojiUITests;
			productReference = 1230087D2A4A9B3D00A43ADF /* BigMojiUITests.xctest */;
			productType = "com.apple.product-type.bundle.ui-testing";
		};
/* End PBXNativeTarget section */

/* Begin PBXProject section */
		1230085B2A4A9B3C00A43ADF /* Project object */ = {
			isa = PBXProject;
			attributes = {
				BuildIndependentTargetsInParallel = 1;
				LastSwiftUpdateCheck = 1420;
				LastUpgradeCheck = 1420;
				TargetAttributes = {
					123008622A4A9B3C00A43ADF = {
						CreatedOnToolsVersion = 14.2;
					};
					123008722A4A9B3D00A43ADF = {
						CreatedOnToolsVersion = 14.2;
						TestTargetID = 123008622A4A9B3C00A43ADF;
					};
					1230087C2A4A9B3D00A43ADF = {
						CreatedOnToolsVersion = 14.2;
						TestTargetID = 123008622A4A9B3C00A43ADF;
					};
				};
			};
			buildConfigurationList = 1230085E2A4A9B3C00A43ADF /* Build configuration list for PBXProject "BigMoji" */;
			compatibilityVersion = "Xcode 14.0";
			developmentRegion = en;
			hasScannedForEncodings = 0;
			knownRegions = (
				en,
				Base,
			);
			mainGroup = 1230085A2A4A9B3C00A43ADF;
			productRefGroup = 123008642A4A9B3C00A43ADF /* Products */;
			projectDirPath = "";
			projectRoot = "";
			targets = (
				123008622A4A9B3C00A43ADF /* BigMoji */,
				123008722A4A9B3D00A43ADF /* BigMojiTests */,
				1230087C2A4A9B3D00A43ADF /* BigMojiUITests */,
			);
		};
/* End PBXProject section */

/* Begin PBXResourcesBuildPhase section */
		123008612A4A9B3C00A43ADF /* Resources */ = {
			isa = PBXResourcesBuildPhase;
			buildActionMask = 2147483647;
			files = (
				1230086E2A4A9B3D00A43ADF /* Preview Assets.xcassets in Resources */,
				1230086B2A4A9B3D00A43ADF /* Assets.xcassets in Resources */,
			);
			runOnlyForDeploymentPostprocessing = 0;
		};
		123008712A4A9B3D00A43ADF /* Resources */ = {
			isa = PBXResourcesBuildPhase;
			buildActionMask = 2147483647;
			files = (
			);
			runOnlyForDeploymentPostprocessing = 0;
		};
		1230087B2A4A9B3D00A43ADF /* Resources */ = {
			isa = PBXResourcesBuildPhase;
			buildActionMask = 2147483647;
			files = (
			);
			runOnlyForDeploymentPostprocessing = 0;
		};
/* End PBXResourcesBuildPhase section */

/* Begin PBXShellScriptBuildPhase section */
		0CFD43A7D33D649EF0FFFF43 /* [CP] Check Pods Manifest.lock */ = {
			isa = PBXShellScriptBuildPhase;
			buildActionMask = 2147483647;
			files = (
			);
			inputFileListPaths = (
			);
			inputPaths = (
				"${PODS_PODFILE_DIR_PATH}/Podfile.lock",
				"${PODS_ROOT}/Manifest.lock",
			);
			name = "[CP] Check Pods Manifest.lock";
			outputFileListPaths = (
			);
			outputPaths = (
				"$(DERIVED_FILE_DIR)/Pods-BigMoji-checkManifestLockResult.txt",
			);
			runOnlyForDeploymentPostprocessing = 0;
			shellPath = /bin/sh;
			shellScript = "diff \"${PODS_PODFILE_DIR_PATH}/Podfile.lock\" \"${PODS_ROOT}/Manifest.lock\" > /dev/null\nif [ $? != 0 ] ; then\n    # print error to STDERR\n    echo \"error: The sandbox is not in sync with the Podfile.lock. Run 'pod install' or update your CocoaPods installation.\" >&2\n    exit 1\nfi\n# This output is used by Xcode 'outputs' to avoid re-running this script phase.\necho \"SUCCESS\" > \"${SCRIPT_OUTPUT_FILE_0}\"\n";
			showEnvVarsInLog = 0;
		};
		12A6A843A8414087D4C8385D /* [CP] Embed Pods Frameworks */ = {
			isa = PBXShellScriptBuildPhase;
			buildActionMask = 2147483647;
			files = (
			);
			inputFileListPaths = (
				"${PODS_ROOT}/Target Support Files/Pods-BigMoji/Pods-BigMoji-frameworks-${CONFIGURATION}-input-files.xcfilelist",
			);
			name = "[CP] Embed Pods Frameworks";
			outputFileListPaths = (
				"${PODS_ROOT}/Target Support Files/Pods-BigMoji/Pods-BigMoji-frameworks-${CONFIGURATION}-output-files.xcfilelist",
			);
			runOnlyForDeploymentPostprocessing = 0;
			shellPath = /bin/sh;
			shellScript = "\"${PODS_ROOT}/Target Support Files/Pods-BigMoji/Pods-BigMoji-frameworks.sh\"\n";
			showEnvVarsInLog = 0;
		};
		3B60B85800C98C4B14D4AA54 /* [CP] Embed Pods Frameworks */ = {
			isa = PBXShellScriptBuildPhase;
			buildActionMask = 2147483647;
			files = (
			);
			inputFileListPaths = (
				"${PODS_ROOT}/Target Support Files/Pods-BigMoji-BigMojiUITests/Pods-BigMoji-BigMojiUITests-frameworks-${CONFIGURATION}-input-files.xcfilelist",
			);
			name = "[CP] Embed Pods Frameworks";
			outputFileListPaths = (
				"${PODS_ROOT}/Target Support Files/Pods-BigMoji-BigMojiUITests/Pods-BigMoji-BigMojiUITests-frameworks-${CONFIGURATION}-output-files.xcfilelist",
			);
			runOnlyForDeploymentPostprocessing = 0;
			shellPath = /bin/sh;
			shellScript = "\"${PODS_ROOT}/Target Support Files/Pods-BigMoji-BigMojiUITests/Pods-BigMoji-BigMojiUITests-frameworks.sh\"\n";
			showEnvVarsInLog = 0;
		};
		E56240CF19A2235545762914 /* [CP] Embed Pods Frameworks */ = {
			isa = PBXShellScriptBuildPhase;
			buildActionMask = 2147483647;
			files = (
			);
			inputFileListPaths = (
				"${PODS_ROOT}/Target Support Files/Pods-BigMojiTests/Pods-BigMojiTests-frameworks-${CONFIGURATION}-input-files.xcfilelist",
			);
			name = "[CP] Embed Pods Frameworks";
			outputFileListPaths = (
				"${PODS_ROOT}/Target Support Files/Pods-BigMojiTests/Pods-BigMojiTests-frameworks-${CONFIGURATION}-output-files.xcfilelist",
			);
			runOnlyForDeploymentPostprocessing = 0;
			shellPath = /bin/sh;
			shellScript = "\"${PODS_ROOT}/Target Support Files/Pods-BigMojiTests/Pods-BigMojiTests-frameworks.sh\"\n";
			showEnvVarsInLog = 0;
		};
		EAD334E696B1312394BFDBBE /* [CP] Check Pods Manifest.lock */ = {
			isa = PBXShellScriptBuildPhase;
			buildActionMask = 2147483647;
			files = (
			);
			inputFileListPaths = (
			);
			inputPaths = (
				"${PODS_PODFILE_DIR_PATH}/Podfile.lock",
				"${PODS_ROOT}/Manifest.lock",
			);
			name = "[CP] Check Pods Manifest.lock";
			outputFileListPaths = (
			);
			outputPaths = (
				"$(DERIVED_FILE_DIR)/Pods-BigMojiTests-checkManifestLockResult.txt",
			);
			runOnlyForDeploymentPostprocessing = 0;
			shellPath = /bin/sh;
			shellScript = "diff \"${PODS_PODFILE_DIR_PATH}/Podfile.lock\" \"${PODS_ROOT}/Manifest.lock\" > /dev/null\nif [ $? != 0 ] ; then\n    # print error to STDERR\n    echo \"error: The sandbox is not in sync with the Podfile.lock. Run 'pod install' or update your CocoaPods installation.\" >&2\n    exit 1\nfi\n# This output is used by Xcode 'outputs' to avoid re-running this script phase.\necho \"SUCCESS\" > \"${SCRIPT_OUTPUT_FILE_0}\"\n";
			showEnvVarsInLog = 0;
		};
		FC3F5E0D66238707686DA4D9 /* [CP] Check Pods Manifest.lock */ = {
			isa = PBXShellScriptBuildPhase;
			buildActionMask = 2147483647;
			files = (
			);
			inputFileListPaths = (
			);
			inputPaths = (
				"${PODS_PODFILE_DIR_PATH}/Podfile.lock",
				"${PODS_ROOT}/Manifest.lock",
			);
			name = "[CP] Check Pods Manifest.lock";
			outputFileListPaths = (
			);
			outputPaths = (
				"$(DERIVED_FILE_DIR)/Pods-BigMoji-BigMojiUITests-checkManifestLockResult.txt",
			);
			runOnlyForDeploymentPostprocessing = 0;
			shellPath = /bin/sh;
			shellScript = "diff \"${PODS_PODFILE_DIR_PATH}/Podfile.lock\" \"${PODS_ROOT}/Manifest.lock\" > /dev/null\nif [ $? != 0 ] ; then\n    # print error to STDERR\n    echo \"error: The sandbox is not in sync with the Podfile.lock. Run 'pod install' or update your CocoaPods installation.\" >&2\n    exit 1\nfi\n# This output is used by Xcode 'outputs' to avoid re-running this script phase.\necho \"SUCCESS\" > \"${SCRIPT_OUTPUT_FILE_0}\"\n";
			showEnvVarsInLog = 0;
		};
/* End PBXShellScriptBuildPhase section */

/* Begin PBXSourcesBuildPhase section */
		1230085F2A4A9B3C00A43ADF /* Sources */ = {
			isa = PBXSourcesBuildPhase;
			buildActionMask = 2147483647;
			files = (
				1230089A2A4ABFEF00A43ADF /* SelectColors.swift in Sources */,
				123008692A4A9B3C00A43ADF /* DisplayTextView.swift in Sources */,
				123008952A4AB5BB00A43ADF /* Color.swift in Sources */,
				123008922A4AA4F900A43ADF /* MainView.swift in Sources */,
				123008972A4ABB3B00A43ADF /* AvailableNavigationStack.swift in Sources */,
				123008672A4A9B3C00A43ADF /* BigMojiApp.swift in Sources */,
			);
			runOnlyForDeploymentPostprocessing = 0;
		};
		1230086F2A4A9B3D00A43ADF /* Sources */ = {
			isa = PBXSourcesBuildPhase;
			buildActionMask = 2147483647;
			files = (
				123008782A4A9B3D00A43ADF /* BigMojiTests.swift in Sources */,
			);
			runOnlyForDeploymentPostprocessing = 0;
		};
		123008792A4A9B3D00A43ADF /* Sources */ = {
			isa = PBXSourcesBuildPhase;
			buildActionMask = 2147483647;
			files = (
				123008842A4A9B3D00A43ADF /* BigMojiUITestsLaunchTests.swift in Sources */,
				123008822A4A9B3D00A43ADF /* BigMojiUITests.swift in Sources */,
			);
			runOnlyForDeploymentPostprocessing = 0;
		};
/* End PBXSourcesBuildPhase section */

/* Begin PBXTargetDependency section */
		123008752A4A9B3D00A43ADF /* PBXTargetDependency */ = {
			isa = PBXTargetDependency;
			target = 123008622A4A9B3C00A43ADF /* BigMoji */;
			targetProxy = 123008742A4A9B3D00A43ADF /* PBXContainerItemProxy */;
		};
		1230087F2A4A9B3D00A43ADF /* PBXTargetDependency */ = {
			isa = PBXTargetDependency;
			target = 123008622A4A9B3C00A43ADF /* BigMoji */;
			targetProxy = 1230087E2A4A9B3D00A43ADF /* PBXContainerItemProxy */;
		};
/* End PBXTargetDependency section */

/* Begin XCBuildConfiguration section */
		123008852A4A9B3D00A43ADF /* Debug */ = {
			isa = XCBuildConfiguration;
			buildSettings = {
				ALWAYS_SEARCH_USER_PATHS = NO;
				CLANG_ANALYZER_NONNULL = YES;
				CLANG_ANALYZER_NUMBER_OBJECT_CONVERSION = YES_AGGRESSIVE;
				CLANG_CXX_LANGUAGE_STANDARD = "gnu++20";
				CLANG_ENABLE_MODULES = YES;
				CLANG_ENABLE_OBJC_ARC = YES;
				CLANG_ENABLE_OBJC_WEAK = YES;
				CLANG_WARN_BLOCK_CAPTURE_AUTORELEASING = YES;
				CLANG_WARN_BOOL_CONVERSION = YES;
				CLANG_WARN_COMMA = YES;
				CLANG_WARN_CONSTANT_CONVERSION = YES;
				CLANG_WARN_DEPRECATED_OBJC_IMPLEMENTATIONS = YES;
				CLANG_WARN_DIRECT_OBJC_ISA_USAGE = YES_ERROR;
				CLANG_WARN_DOCUMENTATION_COMMENTS = YES;
				CLANG_WARN_EMPTY_BODY = YES;
				CLANG_WARN_ENUM_CONVERSION = YES;
				CLANG_WARN_INFINITE_RECURSION = YES;
				CLANG_WARN_INT_CONVERSION = YES;
				CLANG_WARN_NON_LITERAL_NULL_CONVERSION = YES;
				CLANG_WARN_OBJC_IMPLICIT_RETAIN_SELF = YES;
				CLANG_WARN_OBJC_LITERAL_CONVERSION = YES;
				CLANG_WARN_OBJC_ROOT_CLASS = YES_ERROR;
				CLANG_WARN_QUOTED_INCLUDE_IN_FRAMEWORK_HEADER = YES;
				CLANG_WARN_RANGE_LOOP_ANALYSIS = YES;
				CLANG_WARN_STRICT_PROTOTYPES = YES;
				CLANG_WARN_SUSPICIOUS_MOVE = YES;
				CLANG_WARN_UNGUARDED_AVAILABILITY = YES_AGGRESSIVE;
				CLANG_WARN_UNREACHABLE_CODE = YES;
				CLANG_WARN__DUPLICATE_METHOD_MATCH = YES;
				COPY_PHASE_STRIP = NO;
				DEBUG_INFORMATION_FORMAT = dwarf;
				ENABLE_STRICT_OBJC_MSGSEND = YES;
				ENABLE_TESTABILITY = YES;
				GCC_C_LANGUAGE_STANDARD = gnu11;
				GCC_DYNAMIC_NO_PIC = NO;
				GCC_NO_COMMON_BLOCKS = YES;
				GCC_OPTIMIZATION_LEVEL = 0;
				GCC_PREPROCESSOR_DEFINITIONS = (
					"DEBUG=1",
					"$(inherited)",
				);
				GCC_WARN_64_TO_32_BIT_CONVERSION = YES;
				GCC_WARN_ABOUT_RETURN_TYPE = YES_ERROR;
				GCC_WARN_UNDECLARED_SELECTOR = YES;
				GCC_WARN_UNINITIALIZED_AUTOS = YES_AGGRESSIVE;
				GCC_WARN_UNUSED_FUNCTION = YES;
				GCC_WARN_UNUSED_VARIABLE = YES;
				IPHONEOS_DEPLOYMENT_TARGET = 15.0;
				MTL_ENABLE_DEBUG_INFO = INCLUDE_SOURCE;
				MTL_FAST_MATH = YES;
				ONLY_ACTIVE_ARCH = YES;
				SDKROOT = iphoneos;
				SWIFT_ACTIVE_COMPILATION_CONDITIONS = DEBUG;
				SWIFT_OPTIMIZATION_LEVEL = "-Onone";
			};
			name = Debug;
		};
		123008862A4A9B3D00A43ADF /* Release */ = {
			isa = XCBuildConfiguration;
			buildSettings = {
				ALWAYS_SEARCH_USER_PATHS = NO;
				CLANG_ANALYZER_NONNULL = YES;
				CLANG_ANALYZER_NUMBER_OBJECT_CONVERSION = YES_AGGRESSIVE;
				CLANG_CXX_LANGUAGE_STANDARD = "gnu++20";
				CLANG_ENABLE_MODULES = YES;
				CLANG_ENABLE_OBJC_ARC = YES;
				CLANG_ENABLE_OBJC_WEAK = YES;
				CLANG_WARN_BLOCK_CAPTURE_AUTORELEASING = YES;
				CLANG_WARN_BOOL_CONVERSION = YES;
				CLANG_WARN_COMMA = YES;
				CLANG_WARN_CONSTANT_CONVERSION = YES;
				CLANG_WARN_DEPRECATED_OBJC_IMPLEMENTATIONS = YES;
				CLANG_WARN_DIRECT_OBJC_ISA_USAGE = YES_ERROR;
				CLANG_WARN_DOCUMENTATION_COMMENTS = YES;
				CLANG_WARN_EMPTY_BODY = YES;
				CLANG_WARN_ENUM_CONVERSION = YES;
				CLANG_WARN_INFINITE_RECURSION = YES;
				CLANG_WARN_INT_CONVERSION = YES;
				CLANG_WARN_NON_LITERAL_NULL_CONVERSION = YES;
				CLANG_WARN_OBJC_IMPLICIT_RETAIN_SELF = YES;
				CLANG_WARN_OBJC_LITERAL_CONVERSION = YES;
				CLANG_WARN_OBJC_ROOT_CLASS = YES_ERROR;
				CLANG_WARN_QUOTED_INCLUDE_IN_FRAMEWORK_HEADER = YES;
				CLANG_WARN_RANGE_LOOP_ANALYSIS = YES;
				CLANG_WARN_STRICT_PROTOTYPES = YES;
				CLANG_WARN_SUSPICIOUS_MOVE = YES;
				CLANG_WARN_UNGUARDED_AVAILABILITY = YES_AGGRESSIVE;
				CLANG_WARN_UNREACHABLE_CODE = YES;
				CLANG_WARN__DUPLICATE_METHOD_MATCH = YES;
				COPY_PHASE_STRIP = NO;
				DEBUG_INFORMATION_FORMAT = "dwarf-with-dsym";
				ENABLE_NS_ASSERTIONS = NO;
				ENABLE_STRICT_OBJC_MSGSEND = YES;
				GCC_C_LANGUAGE_STANDARD = gnu11;
				GCC_NO_COMMON_BLOCKS = YES;
				GCC_WARN_64_TO_32_BIT_CONVERSION = YES;
				GCC_WARN_ABOUT_RETURN_TYPE = YES_ERROR;
				GCC_WARN_UNDECLARED_SELECTOR = YES;
				GCC_WARN_UNINITIALIZED_AUTOS = YES_AGGRESSIVE;
				GCC_WARN_UNUSED_FUNCTION = YES;
				GCC_WARN_UNUSED_VARIABLE = YES;
				IPHONEOS_DEPLOYMENT_TARGET = 15.0;
				MTL_ENABLE_DEBUG_INFO = NO;
				MTL_FAST_MATH = YES;
				SDKROOT = iphoneos;
				SWIFT_COMPILATION_MODE = wholemodule;
				SWIFT_OPTIMIZATION_LEVEL = "-O";
				VALIDATE_PRODUCT = YES;
			};
			name = Release;
		};
		123008882A4A9B3D00A43ADF /* Debug */ = {
			isa = XCBuildConfiguration;
			baseConfigurationReference = 8436EEF972825CC5BE3F4D91 /* Pods-BigMoji.debug.xcconfig */;
			buildSettings = {
				ASSETCATALOG_COMPILER_APPICON_NAME = AppIcon;
				ASSETCATALOG_COMPILER_GLOBAL_ACCENT_COLOR_NAME = AccentColor;
				CODE_SIGN_STYLE = Automatic;
				CURRENT_PROJECT_VERSION = 1;
				DEVELOPMENT_ASSET_PATHS = "\"BigMoji/Preview Content\"";
				DEVELOPMENT_TEAM = CGD79LB65H;
				ENABLE_PREVIEWS = YES;
				GENERATE_INFOPLIST_FILE = YES;
				INFOPLIST_FILE = BigMoji/Info.plist;
				INFOPLIST_KEY_UIApplicationSceneManifest_Generation = YES;
				INFOPLIST_KEY_UIApplicationSupportsIndirectInputEvents = YES;
				INFOPLIST_KEY_UILaunchScreen_Generation = YES;
				INFOPLIST_KEY_UISupportedInterfaceOrientations_iPad = "UIInterfaceOrientationPortrait UIInterfaceOrientationPortraitUpsideDown UIInterfaceOrientationLandscapeLeft UIInterfaceOrientationLandscapeRight";
				INFOPLIST_KEY_UISupportedInterfaceOrientations_iPhone = "UIInterfaceOrientationPortrait UIInterfaceOrientationLandscapeLeft UIInterfaceOrientationLandscapeRight";
				IPHONEOS_DEPLOYMENT_TARGET = 15.0;
				LD_RUNPATH_SEARCH_PATHS = (
					"$(inherited)",
					"@executable_path/Frameworks",
				);
				MARKETING_VERSION = 1.0;
				PRODUCT_BUNDLE_IDENTIFIER = com.ame.BigMoji;
				PRODUCT_NAME = "$(TARGET_NAME)";
				SUPPORTED_PLATFORMS = "iphoneos iphonesimulator";
				SUPPORTS_MACCATALYST = NO;
				SUPPORTS_MAC_DESIGNED_FOR_IPHONE_IPAD = NO;
				SWIFT_EMIT_LOC_STRINGS = YES;
				SWIFT_VERSION = 5.0;
				TARGETED_DEVICE_FAMILY = 1;
			};
			name = Debug;
		};
		123008892A4A9B3D00A43ADF /* Release */ = {
			isa = XCBuildConfiguration;
			baseConfigurationReference = 12021B066F19F6F49EA9D093 /* Pods-BigMoji.release.xcconfig */;
			buildSettings = {
				ASSETCATALOG_COMPILER_APPICON_NAME = AppIcon;
				ASSETCATALOG_COMPILER_GLOBAL_ACCENT_COLOR_NAME = AccentColor;
				CODE_SIGN_STYLE = Automatic;
				CURRENT_PROJECT_VERSION = 1;
				DEVELOPMENT_ASSET_PATHS = "\"BigMoji/Preview Content\"";
				DEVELOPMENT_TEAM = CGD79LB65H;
				ENABLE_PREVIEWS = YES;
				GENERATE_INFOPLIST_FILE = YES;
				INFOPLIST_FILE = BigMoji/Info.plist;
				INFOPLIST_KEY_UIApplicationSceneManifest_Generation = YES;
				INFOPLIST_KEY_UIApplicationSupportsIndirectInputEvents = YES;
				INFOPLIST_KEY_UILaunchScreen_Generation = YES;
				INFOPLIST_KEY_UISupportedInterfaceOrientations_iPad = "UIInterfaceOrientationPortrait UIInterfaceOrientationPortraitUpsideDown UIInterfaceOrientationLandscapeLeft UIInterfaceOrientationLandscapeRight";
				INFOPLIST_KEY_UISupportedInterfaceOrientations_iPhone = "UIInterfaceOrientationPortrait UIInterfaceOrientationLandscapeLeft UIInterfaceOrientationLandscapeRight";
				IPHONEOS_DEPLOYMENT_TARGET = 15.0;
				LD_RUNPATH_SEARCH_PATHS = (
					"$(inherited)",
					"@executable_path/Frameworks",
				);
				MARKETING_VERSION = 1.0;
				PRODUCT_BUNDLE_IDENTIFIER = com.ame.BigMoji;
				PRODUCT_NAME = "$(TARGET_NAME)";
				SUPPORTED_PLATFORMS = "iphoneos iphonesimulator";
				SUPPORTS_MACCATALYST = NO;
				SUPPORTS_MAC_DESIGNED_FOR_IPHONE_IPAD = NO;
				SWIFT_EMIT_LOC_STRINGS = YES;
				SWIFT_VERSION = 5.0;
				TARGETED_DEVICE_FAMILY = 1;
			};
			name = Release;
		};
		1230088B2A4A9B3D00A43ADF /* Debug */ = {
			isa = XCBuildConfiguration;
			baseConfigurationReference = E4AFFFF9CBABBE1A65B7B7F2 /* Pods-BigMojiTests.debug.xcconfig */;
			buildSettings = {
				ALWAYS_EMBED_SWIFT_STANDARD_LIBRARIES = YES;
				BUNDLE_LOADER = "$(TEST_HOST)";
				CODE_SIGN_STYLE = Automatic;
				CURRENT_PROJECT_VERSION = 1;
				DEVELOPMENT_TEAM = CGD79LB65H;
				GENERATE_INFOPLIST_FILE = YES;
				IPHONEOS_DEPLOYMENT_TARGET = 16.2;
				MARKETING_VERSION = 1.0;
				PRODUCT_BUNDLE_IDENTIFIER = com.ame.BigMojiTests;
				PRODUCT_NAME = "$(TARGET_NAME)";
				SWIFT_EMIT_LOC_STRINGS = NO;
				SWIFT_VERSION = 5.0;
				TARGETED_DEVICE_FAMILY = "1,2";
				TEST_HOST = "$(BUILT_PRODUCTS_DIR)/BigMoji.app/$(BUNDLE_EXECUTABLE_FOLDER_PATH)/BigMoji";
			};
			name = Debug;
		};
		1230088C2A4A9B3D00A43ADF /* Release */ = {
			isa = XCBuildConfiguration;
			baseConfigurationReference = B4ED43D767BF9D32ECA30580 /* Pods-BigMojiTests.release.xcconfig */;
			buildSettings = {
				ALWAYS_EMBED_SWIFT_STANDARD_LIBRARIES = YES;
				BUNDLE_LOADER = "$(TEST_HOST)";
				CODE_SIGN_STYLE = Automatic;
				CURRENT_PROJECT_VERSION = 1;
				DEVELOPMENT_TEAM = CGD79LB65H;
				GENERATE_INFOPLIST_FILE = YES;
				IPHONEOS_DEPLOYMENT_TARGET = 16.2;
				MARKETING_VERSION = 1.0;
				PRODUCT_BUNDLE_IDENTIFIER = com.ame.BigMojiTests;
				PRODUCT_NAME = "$(TARGET_NAME)";
				SWIFT_EMIT_LOC_STRINGS = NO;
				SWIFT_VERSION = 5.0;
				TARGETED_DEVICE_FAMILY = "1,2";
				TEST_HOST = "$(BUILT_PRODUCTS_DIR)/BigMoji.app/$(BUNDLE_EXECUTABLE_FOLDER_PATH)/BigMoji";
			};
			name = Release;
		};
		1230088E2A4A9B3D00A43ADF /* Debug */ = {
			isa = XCBuildConfiguration;
			baseConfigurationReference = 2CC72EB386455A74C62EE126 /* Pods-BigMoji-BigMojiUITests.debug.xcconfig */;
			buildSettings = {
				ALWAYS_EMBED_SWIFT_STANDARD_LIBRARIES = YES;
				CODE_SIGN_STYLE = Automatic;
				CURRENT_PROJECT_VERSION = 1;
				DEVELOPMENT_TEAM = CGD79LB65H;
				GENERATE_INFOPLIST_FILE = YES;
				MARKETING_VERSION = 1.0;
				PRODUCT_BUNDLE_IDENTIFIER = com.ame.BigMojiUITests;
				PRODUCT_NAME = "$(TARGET_NAME)";
				SWIFT_EMIT_LOC_STRINGS = NO;
				SWIFT_VERSION = 5.0;
				TARGETED_DEVICE_FAMILY = "1,2";
				TEST_TARGET_NAME = BigMoji;
			};
			name = Debug;
		};
		1230088F2A4A9B3D00A43ADF /* Release */ = {
			isa = XCBuildConfiguration;
			baseConfigurationReference = 0DE26EECE4C2B944DD8738C1 /* Pods-BigMoji-BigMojiUITests.release.xcconfig */;
			buildSettings = {
				ALWAYS_EMBED_SWIFT_STANDARD_LIBRARIES = YES;
				CODE_SIGN_STYLE = Automatic;
				CURRENT_PROJECT_VERSION = 1;
				DEVELOPMENT_TEAM = CGD79LB65H;
				GENERATE_INFOPLIST_FILE = YES;
				MARKETING_VERSION = 1.0;
				PRODUCT_BUNDLE_IDENTIFIER = com.ame.BigMojiUITests;
				PRODUCT_NAME = "$(TARGET_NAME)";
				SWIFT_EMIT_LOC_STRINGS = NO;
				SWIFT_VERSION = 5.0;
				TARGETED_DEVICE_FAMILY = "1,2";
				TEST_TARGET_NAME = BigMoji;
			};
			name = Release;
		};
/* End XCBuildConfiguration section */

/* Begin XCConfigurationList section */
		1230085E2A4A9B3C00A43ADF /* Build configuration list for PBXProject "BigMoji" */ = {
			isa = XCConfigurationList;
			buildConfigurations = (
				123008852A4A9B3D00A43ADF /* Debug */,
				123008862A4A9B3D00A43ADF /* Release */,
			);
			defaultConfigurationIsVisible = 0;
			defaultConfigurationName = Release;
		};
		123008872A4A9B3D00A43ADF /* Build configuration list for PBXNativeTarget "BigMoji" */ = {
			isa = XCConfigurationList;
			buildConfigurations = (
				123008882A4A9B3D00A43ADF /* Debug */,
				123008892A4A9B3D00A43ADF /* Release */,
			);
			defaultConfigurationIsVisible = 0;
			defaultConfigurationName = Release;
		};
		1230088A2A4A9B3D00A43ADF /* Build configuration list for PBXNativeTarget "BigMojiTests" */ = {
			isa = XCConfigurationList;
			buildConfigurations = (
				1230088B2A4A9B3D00A43ADF /* Debug */,
				1230088C2A4A9B3D00A43ADF /* Release */,
			);
			defaultConfigurationIsVisible = 0;
			defaultConfigurationName = Release;
		};
		1230088D2A4A9B3D00A43ADF /* Build configuration list for PBXNativeTarget "BigMojiUITests" */ = {
			isa = XCConfigurationList;
			buildConfigurations = (
				1230088E2A4A9B3D00A43ADF /* Debug */,
				1230088F2A4A9B3D00A43ADF /* Release */,
			);
			defaultConfigurationIsVisible = 0;
			defaultConfigurationName = Release;
		};
/* End XCConfigurationList section */
	};
	rootObject = 1230085B2A4A9B3C00A43ADF /* Project object */;
}
